# This file is autogenerated, do not edit; changes may be undone by the next 'dep ensure'.


[[projects]]
  branch = "master"
  name = "github.com/anacrolix/missinggo"
  packages = [
    ".",
    "inproc",
    "pproffd"
  ]
  revision = "992ede82108b130d994234959232c3c5142ba78d"

[[projects]]
  branch = "master"
  name = "github.com/anacrolix/sync"
  packages = ["."]
  revision = "eee974e4f8c1e1f38d16e32713dd408d6b02ca55"

[[projects]]
  branch = "master"
  name = "github.com/anacrolix/utp"
  packages = ["."]
  revision = "6063927c7ba74fdeefdfd80ab2ff4c9472fbcd18"

[[projects]]
  name = "github.com/gortc/stun"
  packages = ["."]
  revision = "dca36b59733d9246b038f2546647f031d11fecf6"
  version = "v1.6.1"

[solve-meta]
  analyzer-name = "dep"
  analyzer-version = 1
  inputs-digest = "4010b2656a94fe47ca974f93a683c37c55b0d9a959c910d94f6451ef2c32ac87"
  solver-name = "gps-cdcl"
  solver-version = 1
